// !$*UTF8*$!
{
	archiveVersion = 1;
	classes = {
	};
	objectVersion = 46;
	objects = {

/* Begin PBXBuildFile section */
		318D219B1B576C5A00E1C6CE /* main.m in Sources */ = {isa = PBXBuildFile; fileRef = 318D219A1B576C5A00E1C6CE /* main.m */; };
		318D219E1B576C5A00E1C6CE /* AppDelegate.m in Sources */ = {isa = PBXBuildFile; fileRef = 318D219D1B576C5A00E1C6CE /* AppDelegate.m */; };
		318D21A11B576C5A00E1C6CE /* ViewController.m in Sources */ = {isa = PBXBuildFile; fileRef = 318D21A01B576C5A00E1C6CE /* ViewController.m */; };
		318D21A41B576C5A00E1C6CE /* Main.storyboard in Resources */ = {isa = PBXBuildFile; fileRef = 318D21A21B576C5A00E1C6CE /* Main.storyboard */; };
		318D21A61B576C5A00E1C6CE /* Images.xcassets in Resources */ = {isa = PBXBuildFile; fileRef = 318D21A51B576C5A00E1C6CE /* Images.xcassets */; };
		318D21A91B576C5A00E1C6CE /* LaunchScreen.xib in Resources */ = {isa = PBXBuildFile; fileRef = 318D21A71B576C5A00E1C6CE /* LaunchScreen.xib */; };
		318D21B51B576C5A00E1C6CE /* Button_FunTests.m in Sources */ = {isa = PBXBuildFile; fileRef = 318D21B41B576C5A00E1C6CE /* Button_FunTests.m */; };
/* End PBXBuildFile section */

/* Begin PBXContainerItemProxy section */
		318D21AF1B576C5A00E1C6CE /* PBXContainerItemProxy */ = {
			isa = PBXContainerItemProxy;
			containerPortal = 318D218D1B576C5900E1C6CE /* Project object */;
			proxyType = 1;
			remoteGlobalIDString = 318D21941B576C5A00E1C6CE;
			remoteInfo = "Button Fun";
		};
/* End PBXContainerItemProxy section */

/* Begin PBXFileReference section */
		318D21951B576C5A00E1C6CE /* Button Fun.app */ = {isa = PBXFileReference; explicitFileType = wrapper.application; includeInIndex = 0; path = "Button Fun.app"; sourceTree = BUILT_PRODUCTS_DIR; };
		318D21991B576C5A00E1C6CE /* Info.plist */ = {isa = PBXFileReference; lastKnownFileType = text.plist.xml; path = Info.plist; sourceTree = "<group>"; };
		318D219A1B576C5A00E1C6CE /* main.m */ = {isa = PBXFileReference; lastKnownFileType = sourcecode.c.objc; path = main.m; sourceTree = "<group>"; };
		318D219C1B576C5A00E1C6CE /* AppDelegate.h */ = {isa = PBXFileReference; lastKnownFileType = sourcecode.c.h; path = AppDelegate.h; sourceTree = "<group>"; };
		318D219D1B576C5A00E1C6CE /* AppDelegate.m */ = {isa = PBXFileReference; lastKnownFileType = sourcecode.c.objc; path = AppDelegate.m; sourceTree = "<group>"; };
		318D219F1B576C5A00E1C6CE /* ViewController.h */ = {isa = PBXFileReference; lastKnownFileType = sourcecode.c.h; path = ViewController.h; sourceTree = "<group>"; };
		318D21A01B576C5A00E1C6CE /* ViewController.m */ = {isa = PBXFileReference; lastKnownFileType = sourcecode.c.objc; path = ViewController.m; sourceTree = "<group>"; };
		318D21A31B576C5A00E1C6CE /* Base */ = {isa = PBXFileReference; lastKnownFileType = file.storyboard; name = Base; path = Base.lproj/Main.storyboard; sourceTree = "<group>"; };
		318D21A51B576C5A00E1C6CE /* Images.xcassets */ = {isa = PBXFileReference; lastKnownFileType = folder.assetcatalog; path = Images.xcassets; sourceTree = "<group>"; };
		318D21A81B576C5A00E1C6CE /* Base */ = {isa = PBXFileReference; lastKnownFileType = file.xib; name = Base; path = Base.lproj/LaunchScreen.xib; sourceTree = "<group>"; };
		318D21AE1B576C5A00E1C6CE /* Button FunTests.xctest */ = {isa = PBXFileReference; explicitFileType = wrapper.cfbundle; includeInIndex = 0; path = "Button FunTests.xctest"; sourceTree = BUILT_PRODUCTS_DIR; };
		318D21B31B576C5A00E1C6CE /* Info.plist */ = {isa = PBXFileReference; lastKnownFileType = text.plist.xml; path = Info.plist; sourceTree = "<group>"; };
		318D21B41B576C5A00E1C6CE /* Button_FunTests.m */ = {isa = PBXFileReference; lastKnownFileType = sourcecode.c.objc; path = Button_FunTests.m; sourceTree = "<group>"; };
/* End PBXFileReference section */

/* Begin PBXFrameworksBuildPhase section */
		318D21921B576C5A00E1C6CE /* Frameworks */ = {
			isa = PBXFrameworksBuildPhase;
			buildActionMask = 2147483647;
			files = (
			);
			runOnlyForDeploymentPostprocessing = 0;
		};
		318D21AB1B576C5A00E1C6CE /* Frameworks */ = {
			isa = PBXFrameworksBuildPhase;
			buildActionMask = 2147483647;
			files = (
			);
			runOnlyForDeploymentPostprocessing = 0;
		};
/* End PBXFrameworksBuildPhase section */

/* Begin PBXGroup section */
		318D218C1B576C5900E1C6CE = {
			isa = PBXGroup;
			children = (
				318D21971B576C5A00E1C6CE /* Button Fun */,
				318D21B11B576C5A00E1C6CE /* Button FunTests */,
				318D21961B576C5A00E1C6CE /* Products */,
			);
			sourceTree = "<group>";
		};
		318D21961B576C5A00E1C6CE /* Products */ = {
			isa = PBXGroup;
			children = (
				318D21951B576C5A00E1C6CE /* Button Fun.app */,
				318D21AE1B576C5A00E1C6CE /* Button FunTests.xctest */,
			);
			name = Products;
			sourceTree = "<group>";
		};
		318D21971B576C5A00E1C6CE /* Button Fun */ = {
			isa = PBXGroup;
			children = (
				318D219F1B576C5A00E1C6CE /* ViewController.h */,
				318D21A01B576C5A00E1C6CE /* ViewController.m */,
				318D21A21B576C5A00E1C6CE /* Main.storyboard */,
				318D21A71B576C5A00E1C6CE /* LaunchScreen.xib */,
				318D21981B576C5A00E1C6CE /* Supporting Files */,
			);
			path = "Button Fun";
			sourceTree = "<group>";
		};
		318D21981B576C5A00E1C6CE /* Supporting Files */ = {
			isa = PBXGroup;
			children = (
				318D21A51B576C5A00E1C6CE /* Images.xcassets */,
				318D219C1B576C5A00E1C6CE /* AppDelegate.h */,
				318D219D1B576C5A00E1C6CE /* AppDelegate.m */,
				318D21991B576C5A00E1C6CE /* Info.plist */,
				318D219A1B576C5A00E1C6CE /* main.m */,
			);
			name = "Supporting Files";
			sourceTree = "<group>";
		};
		318D21B11B576C5A00E1C6CE /* Button FunTests */ = {
			isa = PBXGroup;
			children = (
				318D21B41B576C5A00E1C6CE /* Button_FunTests.m */,
				318D21B21B576C5A00E1C6CE /* Supporting Files */,
			);
			path = "Button FunTests";
			sourceTree = "<group>";
		};
		318D21B21B576C5A00E1C6CE /* Supporting Files */ = {
			isa = PBXGroup;
			children = (
				318D21B31B576C5A00E1C6CE /* Info.plist */,
			);
			name = "Supporting Files";
			sourceTree = "<group>";
		};
/* End PBXGroup section */

/* Begin PBXNativeTarget section */
		318D21941B576C5A00E1C6CE /* Button Fun */ = {
			isa = PBXNativeTarget;
			buildConfigurationList = 318D21B81B576C5A00E1C6CE /* Build configuration list for PBXNativeTarget "Button Fun" */;
			buildPhases = (
				318D21911B576C5A00E1C6CE /* Sources */,
				318D21921B576C5A00E1C6CE /* Frameworks */,
				318D21931B576C5A00E1C6CE /* Resources */,
			);
			buildRules = (
			);
			dependencies = (
			);
			name = "Button Fun";
			productName = "Button Fun";
			productReference = 318D21951B576C5A00E1C6CE /* Button Fun.app */;
			productType = "com.apple.product-type.application";
		};
		318D21AD1B576C5A00E1C6CE /* Button FunTests */ = {
			isa = PBXNativeTarget;
			buildConfigurationList = 318D21BB1B576C5A00E1C6CE /* Build configuration list for PBXNativeTarget "Button FunTests" */;
			buildPhases = (
				318D21AA1B576C5A00E1C6CE /* Sources */,
				318D21AB1B576C5A00E1C6CE /* Frameworks */,
				318D21AC1B576C5A00E1C6CE /* Resources */,
			);
			buildRules = (
			);
			dependencies = (
				318D21B01B576C5A00E1C6CE /* PBXTargetDependency */,
			);
			name = "Button FunTests";
			productName = "Button FunTests";
			productReference = 318D21AE1B576C5A00E1C6CE /* Button FunTests.xctest */;
			productType = "com.apple.product-type.bundle.unit-test";
		};
/* End PBXNativeTarget section */

/* Begin PBXProject section */
		318D218D1B576C5900E1C6CE /* Project object */ = {
			isa = PBXProject;
			attributes = {
				LastUpgradeCheck = 0610;
				ORGANIZATIONNAME = "Rohan Bajaj";
				TargetAttributes = {
					318D21941B576C5A00E1C6CE = {
						CreatedOnToolsVersion = 6.1.1;
					};
					318D21AD1B576C5A00E1C6CE = {
						CreatedOnToolsVersion = 6.1.1;
						TestTargetID = 318D21941B576C5A00E1C6CE;
					};
				};
			};
			buildConfigurationList = 318D21901B576C5900E1C6CE /* Build configuration list for PBXProject "Button Fun" */;
			compatibilityVersion = "Xcode 3.2";
			developmentRegion = English;
			hasScannedForEncodings = 0;
			knownRegions = (
				en,
				Base,
			);
			mainGroup = 318D218C1B576C5900E1C6CE;
			productRefGroup = 318D21961B576C5A00E1C6CE /* Products */;
			projectDirPath = "";
			projectRoot = "";
			targets = (
				318D21941B576C5A00E1C6CE /* Button Fun */,
				318D21AD1B576C5A00E1C6CE /* Button FunTests */,
			);
		};
/* End PBXProject section */

/* Begin PBXResourcesBuildPhase section */
		318D21931B576C5A00E1C6CE /* Resources */ = {
			isa = PBXResourcesBuildPhase;
			buildActionMask = 2147483647;
			files = (
				318D21A41B576C5A00E1C6CE /* Main.storyboard in Resources */,
				318D21A91B576C5A00E1C6CE /* LaunchScreen.xib in Resources */,
				318D21A61B576C5A00E1C6CE /* Images.xcassets in Resources */,
			);
			runOnlyForDeploymentPostprocessing = 0;
		};
		318D21AC1B576C5A00E1C6CE /* Resources */ = {
			isa = PBXResourcesBuildPhase;
			buildActionMask = 2147483647;
			files = (
			);
			runOnlyForDeploymentPostprocessing = 0;
		};
/* End PBXResourcesBuildPhase section */

/* Begin PBXSourcesBuildPhase section */
		318D21911B576C5A00E1C6CE /* Sources */ = {
			isa = PBXSourcesBuildPhase;
			buildActionMask = 2147483647;
			files = (
				318D21A11B576C5A00E1C6CE /* ViewController.m in Sources */,
				318D219E1B576C5A00E1C6CE /* AppDelegate.m in Sources */,
				318D219B1B576C5A00E1C6CE /* main.m in Sources */,
			);
			runOnlyForDeploymentPostprocessing = 0;
		};
		318D21AA1B576C5A00E1C6CE /* Sources */ = {
			isa = PBXSourcesBuildPhase;
			buildActionMask = 2147483647;
			files = (
				318D21B51B576C5A00E1C6CE /* Button_FunTests.m in Sources */,
			);
			runOnlyForDeploymentPostprocessing = 0;
		};
/* End PBXSourcesBuildPhase section */

/* Begin PBXTargetDependency section */
		318D21B01B576C5A00E1C6CE /* PBXTargetDependency */ = {
			isa = PBXTargetDependency;
			target = 318D21941B576C5A00E1C6CE /* Button Fun */;
			targetProxy = 318D21AF1B576C5A00E1C6CE /* PBXContainerItemProxy */;
		};
/* End PBXTargetDependency section */

/* Begin PBXVariantGroup section */
		318D21A21B576C5A00E1C6CE /* Main.storyboard */ = {
			isa = PBXVariantGroup;
			children = (
				318D21A31B576C5A00E1C6CE /* Base */,
			);
			name = Main.storyboard;
			sourceTree = "<group>";
		};
		318D21A71B576C5A00E1C6CE /* LaunchScreen.xib */ = {
			isa = PBXVariantGroup;
			children = (
				318D21A81B576C5A00E1C6CE /* Base */,
			);
			name = LaunchScreen.xib;
			sourceTree = "<group>";
		};
/* End PBXVariantGroup section */

/* Begin XCBuildConfiguration section */
		318D21B61B576C5A00E1C6CE /* Debug */ = {
			isa = XCBuildConfiguration;
			buildSettings = {
				ALWAYS_SEARCH_USER_PATHS = NO;
				CLANG_CXX_LANGUAGE_STANDARD = "gnu++0x";
				CLANG_CXX_LIBRARY = "libc++";
				CLANG_ENABLE_MODULES = YES;
				CLANG_ENABLE_OBJC_ARC = YES;
				CLANG_WARN_BOOL_CONVERSION = YES;
				CLANG_WARN_CONSTANT_CONVERSION = YES;
				CLANG_WARN_DIRECT_OBJC_ISA_USAGE = YES_ERROR;
				CLANG_WARN_EMPTY_BODY = YES;
				CLANG_WARN_ENUM_CONVERSION = YES;
				CLANG_WARN_INT_CONVERSION = YES;
				CLANG_WARN_OBJC_ROOT_CLASS = YES_ERROR;
				CLANG_WARN_UNREACHABLE_CODE = YES;
				CLANG_WARN__DUPLICATE_METHOD_MATCH = YES;
				"CODE_SIGN_IDENTITY[sdk=iphoneos*]" = "iPhone Developer";
				COPY_PHASE_STRIP = NO;
				ENABLE_STRICT_OBJC_MSGSEND = YES;
				GCC_C_LANGUAGE_STANDARD = gnu99;
				GCC_DYNAMIC_NO_PIC = NO;
				GCC_OPTIMIZATION_LEVEL = 0;
				GCC_PREPROCESSOR_DEFINITIONS = (
					"DEBUG=1",
					"$(inherited)",
				);
				GCC_SYMBOLS_PRIVATE_EXTERN = NO;
				GCC_WARN_64_TO_32_BIT_CONVERSION = YES;
				GCC_WARN_ABOUT_RETURN_TYPE = YES_ERROR;
				GCC_WARN_UNDECLARED_SELECTOR = YES;
				GCC_WARN_UNINITIALIZED_AUTOS = YES_AGGRESSIVE;
				GCC_WARN_UNUSED_FUNCTION = YES;
				GCC_WARN_UNUSED_VARIABLE = YES;
				IPHONEOS_DEPLOYMENT_TARGET = 8.1;
				MTL_ENABLE_DEBUG_INFO = YES;
				ONLY_ACTIVE_ARCH = YES;
				SDKROOT = iphoneos;
				TARGETED_DEVICE_FAMILY = "1,2";
			};
			name = Debug;
		};
		318D21B71B576C5A00E1C6CE /* Release */ = {
			isa = XCBuildConfiguration;
			buildSettings = {
				ALWAYS_SEARCH_USER_PATHS = NO;
				CLANG_CXX_LANGUAGE_STANDARD = "gnu++0x";
				CLANG_CXX_LIBRARY = "libc++";
				CLANG_ENABLE_MODULES = YES;
				CLANG_ENABLE_OBJC_ARC = YES;
				CLANG_WARN_BOOL_CONVERSION = YES;
				CLANG_WARN_CONSTANT_CONVERSION = YES;
				CLANG_WARN_DIRECT_OBJC_ISA_USAGE = YES_ERROR;
				CLANG_WARN_EMPTY_BODY = YES;
				CLANG_WARN_ENUM_CONVERSION = YES;
				CLANG_WARN_INT_CONVERSION = YES;
				CLANG_WARN_OBJC_ROOT_CLASS = YES_ERROR;
				CLANG_WARN_UNREACHABLE_CODE = YES;
				CLANG_WARN__DUPLICATE_METHOD_MATCH = YES;
				"CODE_SIGN_IDENTITY[sdk=iphoneos*]" = "iPhone Developer";
				COPY_PHASE_STRIP = YES;
				ENABLE_NS_ASSERTIONS = NO;
				ENABLE_STRICT_OBJC_MSGSEND = YES;
				GCC_C_LANGUAGE_STANDARD = gnu99;
				GCC_WARN_64_TO_32_BIT_CONVERSION = YES;
				GCC_WARN_ABOUT_RETURN_TYPE = YES_ERROR;
				GCC_WARN_UNDECLARED_SELECTOR = YES;
				GCC_WARN_UNINITIALIZED_AUTOS = YES_AGGRESSIVE;
				GCC_WARN_UNUSED_FUNCTION = YES;
				GCC_WARN_UNUSED_VARIABLE = YES;
				IPHONEOS_DEPLOYMENT_TARGET = 8.1;
				MTL_ENABLE_DEBUG_INFO = NO;
				SDKROOT = iphoneos;
				TARGETED_DEVICE_FAMILY = "1,2";
				VALIDATE_PRODUCT = YES;
			};
			name = Release;
		};
		318D21B91B576C5A00E1C6CE /* Debug */ = {
			isa = XCBuildConfiguration;
			buildSettings = {
				ASSETCATALOG_COMPILER_APPICON_NAME = AppIcon;
				INFOPLIST_FILE = "Button Fun/Info.plist";
				LD_RUNPATH_SEARCH_PATHS = "$(inherited) @executable_path/Frameworks";
				PRODUCT_NAME = "$(TARGET_NAME)";
			};
			name = Debug;
		};
		318D21BA1B576C5A00E1C6CE /* Release */ = {
			isa = XCBuildConfiguration;
			buildSettings = {
				ASSETCATALOG_COMPILER_APPICON_NAME = AppIcon;
				INFOPLIST_FILE = "Button Fun/Info.plist";
				LD_RUNPATH_SEARCH_PATHS = "$(inherited) @executable_path/Frameworks";
				PRODUCT_NAME = "$(TARGET_NAME)";
			};
			name = Release;
		};
		318D21BC1B576C5A00E1C6CE /* Debug */ = {
			isa = XCBuildConfiguration;
			buildSettings = {
				BUNDLE_LOADER = "$(TEST_HOST)";
				FRAMEWORK_SEARCH_PATHS = (
					"$(SDKROOT)/Developer/Library/Frameworks",
					"$(inherited)",
				);
				GCC_PREPROCESSOR_DEFINITIONS = (
					"DEBUG=1",
					"$(inherited)",
				);
				INFOPLIST_FILE = "Button FunTests/Info.plist";
				LD_RUNPATH_SEARCH_PATHS = "$(inherited) @executable_path/Frameworks @loader_path/Frameworks";
				PRODUCT_NAME = "$(TARGET_NAME)";
				TEST_HOST = "$(BUILT_PRODUCTS_DIR)/Button Fun.app/Button Fun";
			};
			name = Debug;
		};
		318D21BD1B576C5A00E1C6CE /* Release */ = {
			isa = XCBuildConfiguration;
			buildSettings = {
				BUNDLE_LOADER = "$(TEST_HOST)";
				FRAMEWORK_SEARCH_PATHS = (
					"$(SDKROOT)/Developer/Library/Frameworks",
					"$(inherited)",
				);
				INFOPLIST_FILE = "Button FunTests/Info.plist";
				LD_RUNPATH_SEARCH_PATHS = "$(inherited) @executable_path/Frameworks @loader_path/Frameworks";
				PRODUCT_NAME = "$(TARGET_NAME)";
				TEST_HOST = "$(BUILT_PRODUCTS_DIR)/Button Fun.app/Button Fun";
			};
			name = Release;
		};
/* End XCBuildConfiguration section */

/* Begin XCConfigurationList section */
		318D21901B576C5900E1C6CE /* Build configuration list for PBXProject "Button Fun" */ = {
			isa = XCConfigurationList;
			buildConfigurations = (
				318D21B61B576C5A00E1C6CE /* Debug */,
				318D21B71B576C5A00E1C6CE /* Release */,
			);
			defaultConfigurationIsVisible = 0;
			defaultConfigurationName = Release;
		};
		318D21B81B576C5A00E1C6CE /* Build configuration list for PBXNativeTarget "Button Fun" */ = {
			isa = XCConfigurationList;
			buildConfigurations = (
				318D21B91B576C5A00E1C6CE /* Debug */,
				318D21BA1B576C5A00E1C6CE /* Release */,
			);
			defaultConfigurationIsVisible = 0;
			defaultConfigurationName = Release;
		};
		318D21BB1B576C5A00E1C6CE /* Build configuration list for PBXNativeTarget "Button FunTests" */ = {
			isa = XCConfigurationList;
			buildConfigurations = (
				318D21BC1B576C5A00E1C6CE /* Debug */,
				318D21BD1B576C5A00E1C6CE /* Release */,
			);
			defaultConfigurationIsVisible = 0;
			defaultConfigurationName = Release;
		};
/* End XCConfigurationList section */
	};
	rootObject = 318D218D1B576C5900E1C6CE /* Project object */;
}
